{
  "version": 4,
  "terraform_version": "1.12.2",
  "serial": 22,
  "lineage": "5f8fb3ca-5264-30e4-0029-e2ecabce607d",
  "outputs": {},
  "resources": [
    {
      "mode": "data",
      "type": "aws_ami",
      "name": "packer_ami",
      "provider": "provider[\"registry.terraform.io/hashicorp/aws\"]",
      "instances": [
        {
          "schema_version": 0,
          "attributes": {
            "allow_unsafe_filter": null,
            "architecture": "x86_64",
            "arn": "arn:aws:ec2:ap-southeast-1::image/ami-0945c0fa1e8166bd0",
            "block_device_mappings": [
              {
                "device_name": "/dev/sda1",
                "ebs": {
                  "delete_on_termination": "true",
                  "encrypted": "false",
                  "iops": "0",
                  "snapshot_id": "snap-06d70a3f0a28a01ca",
                  "throughput": "0",
                  "volume_initialization_rate": "0",
                  "volume_size": "8",
                  "volume_type": "gp2"
                },
                "no_device": "",
                "virtual_name": ""
              },
              {
                "device_name": "/dev/sdb",
                "ebs": {},
                "no_device": "",
                "virtual_name": "ephemeral0"
              },
              {
                "device_name": "/dev/sdc",
                "ebs": {},
                "no_device": "",
                "virtual_name": "ephemeral1"
              }
            ],
            "boot_mode": "uefi-preferred",
            "creation_date": "2025-09-09T17:43:43.000Z",
            "deprecation_time": "",
            "description": "",
            "ena_support": true,
            "executable_users": null,
            "filter": [
              {
                "name": "image-id",
                "values": [
                  "ami-0945c0fa1e8166bd0"
                ]
              }
            ],
            "hypervisor": "xen",
            "id": "ami-0945c0fa1e8166bd0",
            "image_id": "ami-0945c0fa1e8166bd0",
            "image_location": "699041963836/mexe-ami-1757439607",
            "image_owner_alias": "",
            "image_type": "machine",
            "imds_support": "",
            "include_deprecated": false,
            "kernel_id": "",
            "last_launched_time": "2025-09-09T18:43:16Z",
            "most_recent": true,
            "name": "mexe-ami-1757439607",
            "name_regex": null,
            "owner_id": "699041963836",
            "owners": null,
            "platform": "",
            "platform_details": "Linux/UNIX",
            "product_codes": [],
            "public": false,
            "ramdisk_id": "",
            "region": "ap-southeast-1",
            "root_device_name": "/dev/sda1",
            "root_device_type": "ebs",
            "root_snapshot_id": "snap-06d70a3f0a28a01ca",
            "sriov_net_support": "simple",
            "state": "available",
            "state_reason": {
              "code": "UNSET",
              "message": "UNSET"
            },
            "tags": {},
            "timeouts": null,
            "tpm_support": "",
            "uefi_data": null,
            "usage_operation": "RunInstances",
            "virtualization_type": "hvm"
          },
          "sensitive_attributes": [],
          "identity_schema_version": 0
        }
      ]
    },
    {
      "mode": "data",
      "type": "aws_iam_policy_document",
      "name": "ec2_assume_role",
      "provider": "provider[\"registry.terraform.io/hashicorp/aws\"]",
      "instances": [
        {
          "schema_version": 0,
          "attributes": {
            "id": "2851119427",
            "json": "{\n  \"Version\": \"2012-10-17\",\n  \"Statement\": [\n    {\n      \"Effect\": \"Allow\",\n      \"Action\": \"sts:AssumeRole\",\n      \"Principal\": {\n        \"Service\": \"ec2.amazonaws.com\"\n      }\n    }\n  ]\n}",
            "minified_json": "{\"Version\":\"2012-10-17\",\"Statement\":[{\"Effect\":\"Allow\",\"Action\":\"sts:AssumeRole\",\"Principal\":{\"Service\":\"ec2.amazonaws.com\"}}]}",
            "override_json": null,
            "override_policy_documents": null,
            "policy_id": null,
            "source_json": null,
            "source_policy_documents": null,
            "statement": [
              {
                "actions": [
                  "sts:AssumeRole"
                ],
                "condition": [],
                "effect": "Allow",
                "not_actions": [],
                "not_principals": [],
                "not_resources": [],
                "principals": [
                  {
                    "identifiers": [
                      "ec2.amazonaws.com"
                    ],
                    "type": "Service"
                  }
                ],
                "resources": [],
                "sid": ""
              }
            ],
            "version": "2012-10-17"
          },
          "sensitive_attributes": [],
          "identity_schema_version": 0
        }
      ]
    },
    {
      "mode": "data",
      "type": "aws_iam_policy_document",
      "name": "ec2_policy",
      "provider": "provider[\"registry.terraform.io/hashicorp/aws\"]",
      "instances": [
        {
          "schema_version": 0,
          "attributes": {
            "id": "1246825171",
            "json": "{\n  \"Version\": \"2012-10-17\",\n  \"Statement\": [\n    {\n      \"Effect\": \"Allow\",\n      \"Action\": [\n        \"ssmmessages:OpenDataChannel\",\n        \"ssmmessages:OpenControlChannel\",\n        \"ssmmessages:CreateDataChannel\",\n        \"ssmmessages:CreateControlChannel\",\n        \"ssm:UpdateInstanceInformation\",\n        \"ssm:UpdateInstanceAssociationStatus\",\n        \"ssm:UpdateAssociationStatus\",\n        \"ssm:PutInventory\",\n        \"ssm:PutConfigurePackageResult\",\n        \"ssm:PutComplianceItems\",\n        \"ssm:ListInstanceAssociations\",\n        \"ssm:ListAssociations\",\n        \"ssm:GetParameters\",\n        \"ssm:GetParameter\",\n        \"ssm:GetManifest\",\n        \"ssm:GetDocument\",\n        \"ssm:GetDeployablePatchSnapshotForInstance\",\n        \"ssm:DescribeDocument\",\n        \"ssm:DescribeAssociation\",\n        \"secretsmanager:GetSecretValue\",\n        \"s3:GetObject\",\n        \"ec2messages:SendReply\",\n        \"ec2messages:GetMessages\",\n        \"ec2messages:GetEndpoint\",\n        \"ec2messages:FailMessage\",\n        \"ec2messages:DeleteMessage\",\n        \"ec2messages:AcknowledgeMessage\"\n      ],\n      \"Resource\": \"*\"\n    }\n  ]\n}",
            "minified_json": "{\"Version\":\"2012-10-17\",\"Statement\":[{\"Effect\":\"Allow\",\"Action\":[\"ssmmessages:OpenDataChannel\",\"ssmmessages:OpenControlChannel\",\"ssmmessages:CreateDataChannel\",\"ssmmessages:CreateControlChannel\",\"ssm:UpdateInstanceInformation\",\"ssm:UpdateInstanceAssociationStatus\",\"ssm:UpdateAssociationStatus\",\"ssm:PutInventory\",\"ssm:PutConfigurePackageResult\",\"ssm:PutComplianceItems\",\"ssm:ListInstanceAssociations\",\"ssm:ListAssociations\",\"ssm:GetParameters\",\"ssm:GetParameter\",\"ssm:GetManifest\",\"ssm:GetDocument\",\"ssm:GetDeployablePatchSnapshotForInstance\",\"ssm:DescribeDocument\",\"ssm:DescribeAssociation\",\"secretsmanager:GetSecretValue\",\"s3:GetObject\",\"ec2messages:SendReply\",\"ec2messages:GetMessages\",\"ec2messages:GetEndpoint\",\"ec2messages:FailMessage\",\"ec2messages:DeleteMessage\",\"ec2messages:AcknowledgeMessage\"],\"Resource\":\"*\"}]}",
            "override_json": null,
            "override_policy_documents": null,
            "policy_id": null,
            "source_json": null,
            "source_policy_documents": null,
            "statement": [
              {
                "actions": [
                  "ec2messages:AcknowledgeMessage",
                  "ec2messages:DeleteMessage",
                  "ec2messages:FailMessage",
                  "ec2messages:GetEndpoint",
                  "ec2messages:GetMessages",
                  "ec2messages:SendReply",
                  "s3:GetObject",
                  "secretsmanager:GetSecretValue",
                  "ssm:DescribeAssociation",
                  "ssm:DescribeDocument",
                  "ssm:GetDeployablePatchSnapshotForInstance",
                  "ssm:GetDocument",
                  "ssm:GetManifest",
                  "ssm:GetParameter",
                  "ssm:GetParameters",
                  "ssm:ListAssociations",
                  "ssm:ListInstanceAssociations",
                  "ssm:PutComplianceItems",
                  "ssm:PutConfigurePackageResult",
                  "ssm:PutInventory",
                  "ssm:UpdateAssociationStatus",
                  "ssm:UpdateInstanceAssociationStatus",
                  "ssm:UpdateInstanceInformation",
                  "ssmmessages:CreateControlChannel",
                  "ssmmessages:CreateDataChannel",
                  "ssmmessages:OpenControlChannel",
                  "ssmmessages:OpenDataChannel"
                ],
                "condition": [],
                "effect": "Allow",
                "not_actions": [],
                "not_principals": [],
                "not_resources": [],
                "principals": [],
                "resources": [
                  "*"
                ],
                "sid": ""
              }
            ],
            "version": "2012-10-17"
          },
          "sensitive_attributes": [],
          "identity_schema_version": 0
        }
      ]
    },
    {
      "mode": "data",
      "type": "aws_vpc",
      "name": "main",
      "provider": "provider[\"registry.terraform.io/hashicorp/aws\"]",
      "instances": [
        {
          "schema_version": 0,
          "attributes": {
            "arn": "arn:aws:ec2:ap-southeast-1:699041963836:vpc/vpc-0da6f6599535bd653",
            "cidr_block": "172.31.0.0/16",
            "cidr_block_associations": [
              {
                "association_id": "vpc-cidr-assoc-0a9f734f1eb05e192",
                "cidr_block": "172.31.0.0/16",
                "state": "associated"
              }
            ],
            "default": true,
            "dhcp_options_id": "dopt-0e22a58b7b207e959",
            "enable_dns_hostnames": true,
            "enable_dns_support": true,
            "enable_network_address_usage_metrics": false,
            "filter": null,
            "id": "vpc-0da6f6599535bd653",
            "instance_tenancy": "default",
            "ipv6_association_id": "",
            "ipv6_cidr_block": "",
            "main_route_table_id": "rtb-0d6311619db8aa249",
            "owner_id": "699041963836",
            "region": "ap-southeast-1",
            "state": null,
            "tags": {},
            "timeouts": null
          },
          "sensitive_attributes": [],
          "identity_schema_version": 0
        }
      ]
    },
    {
      "mode": "managed",
      "type": "aws_iam_instance_profile",
      "name": "ec2_profile",
      "provider": "provider[\"registry.terraform.io/hashicorp/aws\"]",
      "instances": [
        {
          "schema_version": 0,
          "attributes": {
            "arn": "arn:aws:iam::699041963836:instance-profile/mexe-ec2-profile",
            "create_date": "2025-09-09T18:25:48Z",
            "id": "mexe-ec2-profile",
            "name": "mexe-ec2-profile",
            "name_prefix": "",
            "path": "/",
            "role": "mexe-ec2-role",
            "tags": {},
            "tags_all": {},
            "unique_id": "AIPA2FQRF346BXI7RDI5P"
          },
          "sensitive_attributes": [],
          "identity_schema_version": 0,
          "private": "bnVsbA==",
          "dependencies": [
            "aws_iam_role.ec2_role",
            "data.aws_iam_policy_document.ec2_assume_role"
          ]
        }
      ]
    },
    {
      "mode": "managed",
      "type": "aws_iam_role",
      "name": "ec2_role",
      "provider": "provider[\"registry.terraform.io/hashicorp/aws\"]",
      "instances": [
        {
          "schema_version": 0,
          "attributes": {
            "arn": "arn:aws:iam::699041963836:role/mexe-ec2-role",
            "assume_role_policy": "{\"Statement\":[{\"Action\":\"sts:AssumeRole\",\"Effect\":\"Allow\",\"Principal\":{\"Service\":\"ec2.amazonaws.com\"}}],\"Version\":\"2012-10-17\"}",
            "create_date": "2025-09-09T18:25:47Z",
            "description": "",
            "force_detach_policies": false,
            "id": "mexe-ec2-role",
            "inline_policy": [
              {
                "name": "mexe-ec2-policy",
                "policy": "{\"Version\":\"2012-10-17\",\"Statement\":[{\"Action\":[\"ssmmessages:OpenDataChannel\",\"ssmmessages:OpenControlChannel\",\"ssmmessages:CreateDataChannel\",\"ssmmessages:CreateControlChannel\",\"ssm:UpdateInstanceInformation\",\"ssm:UpdateInstanceAssociationStatus\",\"ssm:UpdateAssociationStatus\",\"ssm:PutInventory\",\"ssm:PutConfigurePackageResult\",\"ssm:PutComplianceItems\",\"ssm:ListInstanceAssociations\",\"ssm:ListAssociations\",\"ssm:GetParameters\",\"ssm:GetParameter\",\"ssm:GetManifest\",\"ssm:GetDocument\",\"ssm:GetDeployablePatchSnapshotForInstance\",\"ssm:DescribeDocument\",\"ssm:DescribeAssociation\",\"secretsmanager:GetSecretValue\",\"s3:GetObject\",\"ec2messages:SendReply\",\"ec2messages:GetMessages\",\"ec2messages:GetEndpoint\",\"ec2messages:FailMessage\",\"ec2messages:DeleteMessage\",\"ec2messages:AcknowledgeMessage\"],\"Effect\":\"Allow\",\"Resource\":\"*\"}]}"
              }
            ],
            "managed_policy_arns": [
              "arn:aws:iam::aws:policy/AmazonSSMManagedInstanceCore"
            ],
            "max_session_duration": 3600,
            "name": "mexe-ec2-role",
            "name_prefix": "",
            "path": "/",
            "permissions_boundary": "",
            "tags": {},
            "tags_all": {},
            "unique_id": "AROA2FQRF346EKP7Z23LG"
          },
          "sensitive_attributes": [],
          "identity_schema_version": 0,
          "identity": {
            "account_id": "699041963836",
            "name": "mexe-ec2-role"
          },
          "private": "bnVsbA==",
          "dependencies": [
            "data.aws_iam_policy_document.ec2_assume_role"
          ]
        }
      ]
    },
    {
      "mode": "managed",
      "type": "aws_iam_role_policy",
      "name": "ec2_policy",
      "provider": "provider[\"registry.terraform.io/hashicorp/aws\"]",
      "instances": [
        {
          "schema_version": 0,
          "attributes": {
            "id": "mexe-ec2-role:mexe-ec2-policy",
            "name": "mexe-ec2-policy",
            "name_prefix": "",
            "policy": "{\"Version\":\"2012-10-17\",\"Statement\":[{\"Action\":[\"ssmmessages:OpenDataChannel\",\"ssmmessages:OpenControlChannel\",\"ssmmessages:CreateDataChannel\",\"ssmmessages:CreateControlChannel\",\"ssm:UpdateInstanceInformation\",\"ssm:UpdateInstanceAssociationStatus\",\"ssm:UpdateAssociationStatus\",\"ssm:PutInventory\",\"ssm:PutConfigurePackageResult\",\"ssm:PutComplianceItems\",\"ssm:ListInstanceAssociations\",\"ssm:ListAssociations\",\"ssm:GetParameters\",\"ssm:GetParameter\",\"ssm:GetManifest\",\"ssm:GetDocument\",\"ssm:GetDeployablePatchSnapshotForInstance\",\"ssm:DescribeDocument\",\"ssm:DescribeAssociation\",\"secretsmanager:GetSecretValue\",\"s3:GetObject\",\"ec2messages:SendReply\",\"ec2messages:GetMessages\",\"ec2messages:GetEndpoint\",\"ec2messages:FailMessage\",\"ec2messages:DeleteMessage\",\"ec2messages:AcknowledgeMessage\"],\"Effect\":\"Allow\",\"Resource\":\"*\"}]}",
            "role": "mexe-ec2-role"
          },
          "sensitive_attributes": [],
          "identity_schema_version": 0,
          "identity": {
            "account_id": "699041963836",
            "name": "mexe-ec2-policy",
            "role": "mexe-ec2-role"
          },
          "private": "bnVsbA==",
          "dependencies": [
            "aws_iam_role.ec2_role",
            "data.aws_iam_policy_document.ec2_assume_role",
            "data.aws_iam_policy_document.ec2_policy"
          ]
        }
      ]
    },
    {
      "mode": "managed",
      "type": "aws_instance",
      "name": "app",
      "provider": "provider[\"registry.terraform.io/hashicorp/aws\"]",
      "instances": [
        {
          "schema_version": 2,
          "attributes": {
            "ami": "ami-0945c0fa1e8166bd0",
            "arn": "arn:aws:ec2:ap-southeast-1:699041963836:instance/i-0c788df0ef5fc135d",
            "associate_public_ip_address": true,
            "availability_zone": "ap-southeast-1a",
            "capacity_reservation_specification": [
              {
                "capacity_reservation_preference": "open",
                "capacity_reservation_target": []
              }
            ],
            "cpu_options": [
              {
                "amd_sev_snp": "",
                "core_count": 1,
                "threads_per_core": 2
              }
            ],
            "credit_specification": [
              {
                "cpu_credits": "unlimited"
              }
            ],
            "disable_api_stop": false,
            "disable_api_termination": false,
            "ebs_block_device": [],
            "ebs_optimized": false,
            "enable_primary_ipv6": null,
            "enclave_options": [
              {
                "enabled": false
              }
            ],
            "ephemeral_block_device": [],
            "force_destroy": false,
            "get_password_data": false,
            "hibernation": false,
            "host_id": "",
            "host_resource_group_arn": null,
            "iam_instance_profile": "mexe-ec2-profile",
            "id": "i-0c788df0ef5fc135d",
            "instance_initiated_shutdown_behavior": "stop",
            "instance_lifecycle": "",
            "instance_market_options": [],
            "instance_state": "running",
            "instance_type": "t3.small",
            "ipv6_address_count": 0,
            "ipv6_addresses": [],
            "key_name": "",
            "launch_template": [],
            "maintenance_options": [
              {
                "auto_recovery": "default"
              }
            ],
            "metadata_options": [
              {
                "http_endpoint": "enabled",
                "http_protocol_ipv6": "disabled",
                "http_put_response_hop_limit": 1,
                "http_tokens": "optional",
                "instance_metadata_tags": "disabled"
              }
            ],
            "monitoring": false,
            "network_interface": [],
            "outpost_arn": "",
            "password_data": "",
            "placement_group": "",
            "placement_group_id": "",
            "placement_partition_number": 0,
            "primary_network_interface": [
              {
                "delete_on_termination": true,
                "network_interface_id": "eni-0f74e3b343202f2b3"
              }
            ],
            "primary_network_interface_id": "eni-0f74e3b343202f2b3",
            "private_dns": "ip-10-0-1-248.ap-southeast-1.compute.internal",
            "private_dns_name_options": [
              {
                "enable_resource_name_dns_a_record": false,
                "enable_resource_name_dns_aaaa_record": false,
                "hostname_type": "ip-name"
              }
            ],
            "private_ip": "10.0.1.248",
            "public_dns": "ec2-47-129-168-239.ap-southeast-1.compute.amazonaws.com",
            "public_ip": "47.129.168.239",
            "region": "ap-southeast-1",
            "root_block_device": [
              {
                "delete_on_termination": true,
                "device_name": "/dev/sda1",
                "encrypted": false,
                "iops": 3000,
                "kms_key_id": "",
                "tags": {},
                "tags_all": {},
                "throughput": 125,
                "volume_id": "vol-0046b5ba7acf2722b",
                "volume_size": 15,
                "volume_type": "gp3"
              }
            ],
            "secondary_private_ips": [],
            "security_groups": [],
            "source_dest_check": true,
            "spot_instance_request_id": "",
            "subnet_id": "subnet-075c239192cb5cc86",
            "tags": {
              "Name": "mexe-app"
            },
            "tags_all": {
              "Name": "mexe-app"
            },
            "tenancy": "default",
            "timeouts": null,
            "user_data": "#!/bin/bash\nset -eux\napt-get update -y\nsnap install amazon-ssm-agent --classic\nsystemctl enable snap.amazon-ssm-agent.amazon-ssm-agent.service\nsystemctl start snap.amazon-ssm-agent.amazon-ssm-agent.service\n",
            "user_data_base64": null,
            "user_data_replace_on_change": false,
            "volume_tags": null,
            "vpc_security_group_ids": [
              "sg-07c0b0def191619d9"
            ]
          },
          "sensitive_attributes": [],
          "identity_schema_version": 0,
          "identity": {
            "account_id": "699041963836",
            "id": "i-0c788df0ef5fc135d",
            "region": "ap-southeast-1"
          },
          "private": "eyJlMmJmYjczMC1lY2FhLTExZTYtOGY4OC0zNDM2M2JjN2M0YzAiOnsiY3JlYXRlIjo2MDAwMDAwMDAwMDAsImRlbGV0ZSI6MTIwMDAwMDAwMDAwMCwicmVhZCI6OTAwMDAwMDAwMDAwLCJ1cGRhdGUiOjYwMDAwMDAwMDAwMH0sInNjaGVtYV92ZXJzaW9uIjoiMiJ9",
          "dependencies": [
            "aws_iam_instance_profile.ec2_profile",
            "aws_iam_role.ec2_role",
            "aws_security_group.instance",
            "aws_subnet.public",
            "aws_vpc.main",
            "data.aws_iam_policy_document.ec2_assume_role"
          ]
        }
      ]
    },
    {
      "mode": "managed",
      "type": "aws_internet_gateway",
      "name": "gw",
      "provider": "provider[\"registry.terraform.io/hashicorp/aws\"]",
      "instances": [
        {
          "schema_version": 0,
          "attributes": {
            "arn": "arn:aws:ec2:ap-southeast-1:699041963836:internet-gateway/igw-003adf33b0b0c7ee9",
            "id": "igw-003adf33b0b0c7ee9",
            "owner_id": "699041963836",
            "region": "ap-southeast-1",
            "tags": {
              "Name": "mexe-igw"
            },
            "tags_all": {
              "Name": "mexe-igw"
            },
            "timeouts": null,
            "vpc_id": "vpc-0535ddcab9daf383c"
          },
          "sensitive_attributes": [],
          "identity_schema_version": 0,
          "private": "eyJlMmJmYjczMC1lY2FhLTExZTYtOGY4OC0zNDM2M2JjN2M0YzAiOnsiY3JlYXRlIjoxMjAwMDAwMDAwMDAwLCJkZWxldGUiOjEyMDAwMDAwMDAwMDAsInVwZGF0ZSI6MTIwMDAwMDAwMDAwMH19",
          "dependencies": [
            "aws_vpc.main"
          ]
        }
      ]
    },
    {
      "mode": "managed",
      "type": "aws_route_table",
      "name": "public",
      "provider": "provider[\"registry.terraform.io/hashicorp/aws\"]",
      "instances": [
        {
          "schema_version": 0,
          "attributes": {
            "arn": "arn:aws:ec2:ap-southeast-1:699041963836:route-table/rtb-0e021954a2502b659",
            "id": "rtb-0e021954a2502b659",
            "owner_id": "699041963836",
            "propagating_vgws": [],
            "region": "ap-southeast-1",
            "route": [
              {
                "carrier_gateway_id": "",
                "cidr_block": "0.0.0.0/0",
                "core_network_arn": "",
                "destination_prefix_list_id": "",
                "egress_only_gateway_id": "",
                "gateway_id": "igw-003adf33b0b0c7ee9",
                "ipv6_cidr_block": "",
                "local_gateway_id": "",
                "nat_gateway_id": "",
                "network_interface_id": "",
                "transit_gateway_id": "",
                "vpc_endpoint_id": "",
                "vpc_peering_connection_id": ""
              }
            ],
            "tags": {
              "Name": "mexe-public-rt"
            },
            "tags_all": {
              "Name": "mexe-public-rt"
            },
            "timeouts": null,
            "vpc_id": "vpc-0535ddcab9daf383c"
          },
          "sensitive_attributes": [],
          "identity_schema_version": 0,
          "identity": {
            "account_id": "699041963836",
            "id": "rtb-0e021954a2502b659",
            "region": "ap-southeast-1"
          },
          "private": "eyJlMmJmYjczMC1lY2FhLTExZTYtOGY4OC0zNDM2M2JjN2M0YzAiOnsiY3JlYXRlIjozMDAwMDAwMDAwMDAsImRlbGV0ZSI6MzAwMDAwMDAwMDAwLCJ1cGRhdGUiOjEyMDAwMDAwMDAwMH19",
          "dependencies": [
            "aws_internet_gateway.gw",
            "aws_vpc.main"
          ]
        }
      ]
    },
    {
      "mode": "managed",
      "type": "aws_route_table_association",
      "name": "public_assoc",
      "provider": "provider[\"registry.terraform.io/hashicorp/aws\"]",
      "instances": [
        {
          "schema_version": 0,
          "attributes": {
            "gateway_id": "",
            "id": "rtbassoc-0c88b7fce7af65f2a",
            "region": "ap-southeast-1",
            "route_table_id": "rtb-0e021954a2502b659",
            "subnet_id": "subnet-075c239192cb5cc86",
            "timeouts": null
          },
          "sensitive_attributes": [],
          "identity_schema_version": 0,
          "private": "eyJlMmJmYjczMC1lY2FhLTExZTYtOGY4OC0zNDM2M2JjN2M0YzAiOnsiY3JlYXRlIjozMDAwMDAwMDAwMDAsImRlbGV0ZSI6MzAwMDAwMDAwMDAwLCJ1cGRhdGUiOjEyMDAwMDAwMDAwMH19",
          "dependencies": [
            "aws_internet_gateway.gw",
            "aws_route_table.public",
            "aws_subnet.public",
            "aws_vpc.main"
          ]
        }
      ]
    },
    {
      "mode": "managed",
      "type": "aws_s3_bucket",
      "name": "rails_storage",
      "provider": "provider[\"registry.terraform.io/hashicorp/aws\"]",
      "instances": [
        {
          "schema_version": 0,
          "attributes": {
            "acceleration_status": "",
            "acl": null,
            "arn": "arn:aws:s3:::mexe-assets",
            "bucket": "mexe-assets",
            "bucket_domain_name": "mexe-assets.s3.amazonaws.com",
            "bucket_prefix": "",
            "bucket_region": "ap-southeast-1",
            "bucket_regional_domain_name": "mexe-assets.s3.ap-southeast-1.amazonaws.com",
            "cors_rule": [],
            "force_destroy": false,
            "grant": [
              {
                "id": "97da7d6632b96192eb72ce33e71ac5565512f605ca7f4d85dbb69a42cf97e796",
                "permissions": [
                  "FULL_CONTROL"
                ],
                "type": "CanonicalUser",
                "uri": ""
              }
            ],
            "hosted_zone_id": "Z3O0J2DXBE1FTB",
            "id": "mexe-assets",
            "lifecycle_rule": [],
            "logging": [],
            "object_lock_configuration": [],
            "object_lock_enabled": false,
            "policy": "",
            "region": "ap-southeast-1",
            "replication_configuration": [],
            "request_payer": "BucketOwner",
            "server_side_encryption_configuration": [
              {
                "rule": [
                  {
                    "apply_server_side_encryption_by_default": [
                      {
                        "kms_master_key_id": "",
                        "sse_algorithm": "AES256"
                      }
                    ],
                    "bucket_key_enabled": false
                  }
                ]
              }
            ],
            "tags": {
              "Environment": "production",
              "Name": "Rails6ActiveStorage"
            },
            "tags_all": {
              "Environment": "production",
              "Name": "Rails6ActiveStorage"
            },
            "timeouts": null,
            "versioning": [
              {
                "enabled": false,
                "mfa_delete": false
              }
            ],
            "website": [],
            "website_domain": null,
            "website_endpoint": null
          },
          "sensitive_attributes": [],
          "identity_schema_version": 0,
          "identity": {
            "account_id": "699041963836",
            "bucket": "mexe-assets",
            "region": "ap-southeast-1"
          },
          "private": "eyJlMmJmYjczMC1lY2FhLTExZTYtOGY4OC0zNDM2M2JjN2M0YzAiOnsiY3JlYXRlIjoxMjAwMDAwMDAwMDAwLCJkZWxldGUiOjM2MDAwMDAwMDAwMDAsInJlYWQiOjEyMDAwMDAwMDAwMDAsInVwZGF0ZSI6MTIwMDAwMDAwMDAwMH19"
        }
      ]
    },
    {
      "mode": "managed",
      "type": "aws_s3_bucket_public_access_block",
      "name": "block",
      "provider": "provider[\"registry.terraform.io/hashicorp/aws\"]",
      "instances": [
        {
          "schema_version": 0,
          "attributes": {
            "block_public_acls": true,
            "block_public_policy": true,
            "bucket": "mexe-assets",
            "id": "mexe-assets",
            "ignore_public_acls": true,
            "region": "ap-southeast-1",
            "restrict_public_buckets": true,
            "skip_destroy": null
          },
          "sensitive_attributes": [],
          "identity_schema_version": 0,
          "identity": {
            "account_id": "699041963836",
            "bucket": "mexe-assets",
            "region": "ap-southeast-1"
          },
          "private": "bnVsbA==",
          "dependencies": [
            "aws_s3_bucket.rails_storage"
          ]
        }
      ]
    },
    {
      "mode": "managed",
      "type": "aws_security_group",
      "name": "instance",
      "provider": "provider[\"registry.terraform.io/hashicorp/aws\"]",
      "instances": [
        {
          "schema_version": 1,
          "attributes": {
            "arn": "arn:aws:ec2:ap-southeast-1:699041963836:security-group/sg-07c0b0def191619d9",
            "description": "Managed by Terraform",
            "egress": [
              {
                "cidr_blocks": [
                  "0.0.0.0/0"
                ],
                "description": "",
                "from_port": 0,
                "ipv6_cidr_blocks": [],
                "prefix_list_ids": [],
                "protocol": "-1",
                "security_groups": [],
                "self": false,
                "to_port": 0
              }
            ],
            "id": "sg-07c0b0def191619d9",
            "ingress": [
              {
                "cidr_blocks": [
                  "0.0.0.0/0"
                ],
                "description": "HTTP",
                "from_port": 80,
                "ipv6_cidr_blocks": [],
                "prefix_list_ids": [],
                "protocol": "tcp",
                "security_groups": [],
                "self": false,
                "to_port": 80
              },
              {
                "cidr_blocks": [
                  "0.0.0.0/0"
                ],
                "description": "HTTP-admin",
                "from_port": 81,
                "ipv6_cidr_blocks": [],
                "prefix_list_ids": [],
                "protocol": "tcp",
                "security_groups": [],
                "self": false,
                "to_port": 81
              },
              {
                "cidr_blocks": [
                  "0.0.0.0/0"
                ],
                "description": "HTTPS",
                "from_port": 443,
                "ipv6_cidr_blocks": [],
                "prefix_list_ids": [],
                "protocol": "tcp",
                "security_groups": [],
                "self": false,
                "to_port": 443
              }
            ],
            "name": "mexe-sg",
            "name_prefix": "",
            "owner_id": "699041963836",
            "region": "ap-southeast-1",
            "revoke_rules_on_delete": false,
            "tags": {},
            "tags_all": {},
            "timeouts": null,
            "vpc_id": "vpc-0535ddcab9daf383c"
          },
          "sensitive_attributes": [],
          "identity_schema_version": 0,
          "identity": {
            "account_id": "699041963836",
            "id": "sg-07c0b0def191619d9",
            "region": "ap-southeast-1"
          },
          "private": "eyJlMmJmYjczMC1lY2FhLTExZTYtOGY4OC0zNDM2M2JjN2M0YzAiOnsiY3JlYXRlIjo2MDAwMDAwMDAwMDAsImRlbGV0ZSI6OTAwMDAwMDAwMDAwfSwic2NoZW1hX3ZlcnNpb24iOiIxIn0=",
          "dependencies": [
            "aws_vpc.main"
          ]
        }
      ]
    },
    {
      "mode": "managed",
      "type": "aws_subnet",
      "name": "public",
      "provider": "provider[\"registry.terraform.io/hashicorp/aws\"]",
      "instances": [
        {
          "schema_version": 1,
          "attributes": {
            "arn": "arn:aws:ec2:ap-southeast-1:699041963836:subnet/subnet-075c239192cb5cc86",
            "assign_ipv6_address_on_creation": false,
            "availability_zone": "ap-southeast-1a",
            "availability_zone_id": "apse1-az2",
            "cidr_block": "10.0.1.0/24",
            "customer_owned_ipv4_pool": "",
            "enable_dns64": false,
            "enable_lni_at_device_index": 0,
            "enable_resource_name_dns_a_record_on_launch": false,
            "enable_resource_name_dns_aaaa_record_on_launch": false,
            "id": "subnet-075c239192cb5cc86",
            "ipv6_cidr_block": "",
            "ipv6_cidr_block_association_id": "",
            "ipv6_native": false,
            "map_customer_owned_ip_on_launch": false,
            "map_public_ip_on_launch": true,
            "outpost_arn": "",
            "owner_id": "699041963836",
            "private_dns_hostname_type_on_launch": "ip-name",
            "region": "ap-southeast-1",
            "tags": {
              "Name": "mexe-public-subnet"
            },
            "tags_all": {
              "Name": "mexe-public-subnet"
            },
            "timeouts": null,
            "vpc_id": "vpc-0535ddcab9daf383c"
          },
          "sensitive_attributes": [],
          "identity_schema_version": 0,
          "identity": {
            "account_id": "699041963836",
            "id": "subnet-075c239192cb5cc86",
            "region": "ap-southeast-1"
          },
          "private": "eyJlMmJmYjczMC1lY2FhLTExZTYtOGY4OC0zNDM2M2JjN2M0YzAiOnsiY3JlYXRlIjo2MDAwMDAwMDAwMDAsImRlbGV0ZSI6MTIwMDAwMDAwMDAwMH0sInNjaGVtYV92ZXJzaW9uIjoiMSJ9",
          "dependencies": [
            "aws_vpc.main"
          ]
        }
      ]
    },
    {
      "mode": "managed",
      "type": "aws_vpc",
      "name": "main",
      "provider": "provider[\"registry.terraform.io/hashicorp/aws\"]",
      "instances": [
        {
          "schema_version": 1,
          "attributes": {
            "arn": "arn:aws:ec2:ap-southeast-1:699041963836:vpc/vpc-0535ddcab9daf383c",
            "assign_generated_ipv6_cidr_block": false,
            "cidr_block": "10.0.0.0/16",
            "default_network_acl_id": "acl-0ea9dec06762b3b21",
            "default_route_table_id": "rtb-02d1aadbc78999748",
            "default_security_group_id": "sg-0b0aa8802f4db269b",
            "dhcp_options_id": "dopt-0e22a58b7b207e959",
            "enable_dns_hostnames": true,
            "enable_dns_support": true,
            "enable_network_address_usage_metrics": false,
            "id": "vpc-0535ddcab9daf383c",
            "instance_tenancy": "default",
            "ipv4_ipam_pool_id": null,
            "ipv4_netmask_length": null,
            "ipv6_association_id": "",
            "ipv6_cidr_block": "",
            "ipv6_cidr_block_network_border_group": "",
            "ipv6_ipam_pool_id": "",
            "ipv6_netmask_length": 0,
            "main_route_table_id": "rtb-02d1aadbc78999748",
            "owner_id": "699041963836",
            "region": "ap-southeast-1",
            "tags": {
              "Name": "mexe-vpc"
            },
            "tags_all": {
              "Name": "mexe-vpc"
            }
          },
          "sensitive_attributes": [],
          "identity_schema_version": 0,
          "private": "eyJzY2hlbWFfdmVyc2lvbiI6IjEifQ=="
        }
      ]
    }
  ],
  "check_results": null
}
